
Microsoft Visual Studio Solution File, Format Version 12.00
# Visual Studio 2012
Project("{FAE04EC0-301F-11D3-BF4B-00C04F79EFBC}") = "NuGetReferenceSwitcher.Presentation", "NuGetReferenceSwitcher.Presentation\NuGetReferenceSwitcher.Presentation.csproj", "{72D2BBE2-B1F7-4782-B7BD-CA377F895746}"
EndProject
Project("{FAE04EC0-301F-11D3-BF4B-00C04F79EFBC}") = "NuGetReferenceSwitcher.VS12", "NuGetReferenceSwitcher.VS12\NuGetReferenceSwitcher.VS12.csproj", "{D02D54C6-B5BD-43A3-89D1-303D0EEB5425}"
EndProject
Project("{FAE04EC0-301F-11D3-BF4B-00C04F79EFBC}") = "VSPackage3", "VSPackage3\VSPackage3.csproj", "{6CB86D2A-F238-45A7-9814-D97A33A6034F}"
EndProject
Global
	GlobalSection(SolutionConfigurationPlatforms) = preSolution
		Debug|Any CPU = Debug|Any CPU
		Release|Any CPU = Release|Any CPU
	EndGlobalSection
	GlobalSection(ProjectConfigurationPlatforms) = postSolution
		{72D2BBE2-B1F7-4782-B7BD-CA377F895746}.Debug|Any CPU.ActiveCfg = Debug|Any CPU
		{72D2BBE2-B1F7-4782-B7BD-CA377F895746}.Debug|Any CPU.Build.0 = Debug|Any CPU
		{72D2BBE2-B1F7-4782-B7BD-CA377F895746}.Release|Any CPU.ActiveCfg = Release|Any CPU
		{72D2BBE2-B1F7-4782-B7BD-CA377F895746}.Release|Any CPU.Build.0 = Release|Any CPU
		{D02D54C6-B5BD-43A3-89D1-303D0EEB5425}.Debug|Any CPU.ActiveCfg = Debug|Any CPU
		{D02D54C6-B5BD-43A3-89D1-303D0EEB5425}.Debug|Any CPU.Build.0 = Debug|Any CPU
		{D02D54C6-B5BD-43A3-89D1-303D0EEB5425}.Release|Any CPU.ActiveCfg = Release|Any CPU
		{D02D54C6-B5BD-43A3-89D1-303D0EEB5425}.Release|Any CPU.Build.0 = Release|Any CPU
		{6CB86D2A-F238-45A7-9814-D97A33A6034F}.Debug|Any CPU.ActiveCfg = Debug|Any CPU
		{6CB86D2A-F238-45A7-9814-D97A33A6034F}.Debug|Any CPU.Build.0 = Debug|Any CPU
		{6CB86D2A-F238-45A7-9814-D97A33A6034F}.Release|Any CPU.ActiveCfg = Release|Any CPU
		{6CB86D2A-F238-45A7-9814-D97A33A6034F}.Release|Any CPU.Build.0 = Release|Any CPU
	EndGlobalSection
	GlobalSection(SolutionProperties) = preSolution
		HideSolutionNode = FALSE
	EndGlobalSection
EndGlobal
